// !$*UTF8*$!
{
	archiveVersion = 1;
	classes = {
	};
	objectVersion = 46;
	objects = {

/* Begin PBXBuildFile section */
		14C215AE1DE103C600BBBDBF /* AppDelegate.swift in Sources */ = {isa = PBXBuildFile; fileRef = 14C215AD1DE103C600BBBDBF /* AppDelegate.swift */; };
		14C215B01DE103C600BBBDBF /* ViewController.swift in Sources */ = {isa = PBXBuildFile; fileRef = 14C215AF1DE103C600BBBDBF /* ViewController.swift */; };
		14C215B31DE103C600BBBDBF /* Main.storyboard in Resources */ = {isa = PBXBuildFile; fileRef = 14C215B11DE103C600BBBDBF /* Main.storyboard */; };
		14C215B51DE103C600BBBDBF /* Assets.xcassets in Resources */ = {isa = PBXBuildFile; fileRef = 14C215B41DE103C600BBBDBF /* Assets.xcassets */; };
		14C215B81DE103C600BBBDBF /* LaunchScreen.storyboard in Resources */ = {isa = PBXBuildFile; fileRef = 14C215B61DE103C600BBBDBF /* LaunchScreen.storyboard */; };
		14C215C31DE103C600BBBDBF /* QuickSampleTests.swift in Sources */ = {isa = PBXBuildFile; fileRef = 14C215C21DE103C600BBBDBF /* QuickSampleTests.swift */; };
		14C215CE1DE103E400BBBDBF /* SampleEntity.swift in Sources */ = {isa = PBXBuildFile; fileRef = 14C215CD1DE103E400BBBDBF /* SampleEntity.swift */; };
/* End PBXBuildFile section */

/* Begin PBXContainerItemProxy section */
		14C215BF1DE103C600BBBDBF /* PBXContainerItemProxy */ = {
			isa = PBXContainerItemProxy;
			containerPortal = 14C215A21DE103C600BBBDBF /* Project object */;
			proxyType = 1;
			remoteGlobalIDString = 14C215A91DE103C600BBBDBF;
			remoteInfo = QuickSample;
		};
/* End PBXContainerItemProxy section */

/* Begin PBXFileReference section */
		14C215AA1DE103C600BBBDBF /* QuickSample.app */ = {isa = PBXFileReference; explicitFileType = wrapper.application; includeInIndex = 0; path = QuickSample.app; sourceTree = BUILT_PRODUCTS_DIR; };
		14C215AD1DE103C600BBBDBF /* AppDelegate.swift */ = {isa = PBXFileReference; lastKnownFileType = sourcecode.swift; path = AppDelegate.swift; sourceTree = "<group>"; };
		14C215AF1DE103C600BBBDBF /* ViewController.swift */ = {isa = PBXFileReference; lastKnownFileType = sourcecode.swift; path = ViewController.swift; sourceTree = "<group>"; };
		14C215B21DE103C600BBBDBF /* Base */ = {isa = PBXFileReference; lastKnownFileType = file.storyboard; name = Base; path = Base.lproj/Main.storyboard; sourceTree = "<group>"; };
		14C215B41DE103C600BBBDBF /* Assets.xcassets */ = {isa = PBXFileReference; lastKnownFileType = folder.assetcatalog; path = Assets.xcassets; sourceTree = "<group>"; };
		14C215B71DE103C600BBBDBF /* Base */ = {isa = PBXFileReference; lastKnownFileType = file.storyboard; name = Base; path = Base.lproj/LaunchScreen.storyboard; sourceTree = "<group>"; };
		14C215B91DE103C600BBBDBF /* Info.plist */ = {isa = PBXFileReference; lastKnownFileType = text.plist.xml; path = Info.plist; sourceTree = "<group>"; };
		14C215BE1DE103C600BBBDBF /* QuickSampleTests.xctest */ = {isa = PBXFileReference; explicitFileType = wrapper.cfbundle; includeInIndex = 0; path = QuickSampleTests.xctest; sourceTree = BUILT_PRODUCTS_DIR; };
		14C215C21DE103C600BBBDBF /* QuickSampleTests.swift */ = {isa = PBXFileReference; lastKnownFileType = sourcecode.swift; path = QuickSampleTests.swift; sourceTree = "<group>"; };
		14C215C41DE103C600BBBDBF /* Info.plist */ = {isa = PBXFileReference; lastKnownFileType = text.plist.xml; path = Info.plist; sourceTree = "<group>"; };
		14C215CD1DE103E400BBBDBF /* SampleEntity.swift */ = {isa = PBXFileReference; fileEncoding = 4; lastKnownFileType = sourcecode.swift; path = SampleEntity.swift; sourceTree = "<group>"; };
/* End PBXFileReference section */

/* Begin PBXFrameworksBuildPhase section */
		14C215A71DE103C600BBBDBF /* Frameworks */ = {
			isa = PBXFrameworksBuildPhase;
			buildActionMask = 2147483647;
			files = (
			);
			runOnlyForDeploymentPostprocessing = 0;
		};
		14C215BB1DE103C600BBBDBF /* Frameworks */ = {
			isa = PBXFrameworksBuildPhase;
			buildActionMask = 2147483647;
			files = (
			);
			runOnlyForDeploymentPostprocessing = 0;
		};
/* End PBXFrameworksBuildPhase section */

/* Begin PBXGroup section */
		14C215A11DE103C600BBBDBF = {
			isa = PBXGroup;
			children = (
				14C215AC1DE103C600BBBDBF /* QuickSample */,
				14C215C11DE103C600BBBDBF /* QuickSampleTests */,
				14C215AB1DE103C600BBBDBF /* Products */,
			);
			sourceTree = "<group>";
		};
		14C215AB1DE103C600BBBDBF /* Products */ = {
			isa = PBXGroup;
			children = (
				14C215AA1DE103C600BBBDBF /* QuickSample.app */,
				14C215BE1DE103C600BBBDBF /* QuickSampleTests.xctest */,
			);
			name = Products;
			sourceTree = "<group>";
		};
		14C215AC1DE103C600BBBDBF /* QuickSample */ = {
			isa = PBXGroup;
			children = (
				14C215AD1DE103C600BBBDBF /* AppDelegate.swift */,
				14C215AF1DE103C600BBBDBF /* ViewController.swift */,
				14C215B11DE103C600BBBDBF /* Main.storyboard */,
				14C215B41DE103C600BBBDBF /* Assets.xcassets */,
				14C215B61DE103C600BBBDBF /* LaunchScreen.storyboard */,
				14C215B91DE103C600BBBDBF /* Info.plist */,
				14C215CD1DE103E400BBBDBF /* SampleEntity.swift */,
			);
			path = QuickSample;
			sourceTree = "<group>";
		};
		14C215C11DE103C600BBBDBF /* QuickSampleTests */ = {
			isa = PBXGroup;
			children = (
				14C215C21DE103C600BBBDBF /* QuickSampleTests.swift */,
				14C215C41DE103C600BBBDBF /* Info.plist */,
			);
			path = QuickSampleTests;
			sourceTree = "<group>";
		};
/* End PBXGroup section */

/* Begin PBXNativeTarget section */
		14C215A91DE103C600BBBDBF /* QuickSample */ = {
			isa = PBXNativeTarget;
			buildConfigurationList = 14C215C71DE103C600BBBDBF /* Build configuration list for PBXNativeTarget "QuickSample" */;
			buildPhases = (
				14C215A61DE103C600BBBDBF /* Sources */,
				14C215A71DE103C600BBBDBF /* Frameworks */,
				14C215A81DE103C600BBBDBF /* Resources */,
			);
			buildRules = (
			);
			dependencies = (
			);
			name = QuickSample;
			productName = QuickSample;
			productReference = 14C215AA1DE103C600BBBDBF /* QuickSample.app */;
			productType = "com.apple.product-type.application";
		};
		14C215BD1DE103C600BBBDBF /* QuickSampleTests */ = {
			isa = PBXNativeTarget;
			buildConfigurationList = 14C215CA1DE103C600BBBDBF /* Build configuration list for PBXNativeTarget "QuickSampleTests" */;
			buildPhases = (
				14C215BA1DE103C600BBBDBF /* Sources */,
				14C215BB1DE103C600BBBDBF /* Frameworks */,
				14C215BC1DE103C600BBBDBF /* Resources */,
			);
			buildRules = (
			);
			dependencies = (
				14C215C01DE103C600BBBDBF /* PBXTargetDependency */,
			);
			name = QuickSampleTests;
			productName = QuickSampleTests;
			productReference = 14C215BE1DE103C600BBBDBF /* QuickSampleTests.xctest */;
			productType = "com.apple.product-type.bundle.unit-test";
		};
/* End PBXNativeTarget section */

/* Begin PBXProject section */
		14C215A21DE103C600BBBDBF /* Project object */ = {
			isa = PBXProject;
			attributes = {
				LastSwiftUpdateCheck = 0810;
				LastUpgradeCheck = 0810;
				ORGANIZATIONNAME = "The Blind Squirrel";
				TargetAttributes = {
					14C215A91DE103C600BBBDBF = {
						CreatedOnToolsVersion = 8.1;
						DevelopmentTeam = P69PQLD33H;
						ProvisioningStyle = Automatic;
					};
					14C215BD1DE103C600BBBDBF = {
						CreatedOnToolsVersion = 8.1;
						DevelopmentTeam = P69PQLD33H;
						ProvisioningStyle = Automatic;
						TestTargetID = 14C215A91DE103C600BBBDBF;
					};
				};
			};
			buildConfigurationList = 14C215A51DE103C600BBBDBF /* Build configuration list for PBXProject "QuickSample" */;
			compatibilityVersion = "Xcode 3.2";
			developmentRegion = English;
			hasScannedForEncodings = 0;
			knownRegions = (
				en,
				Base,
			);
			mainGroup = 14C215A11DE103C600BBBDBF;
			productRefGroup = 14C215AB1DE103C600BBBDBF /* Products */;
			projectDirPath = "";
			projectRoot = "";
			targets = (
				14C215A91DE103C600BBBDBF /* QuickSample */,
				14C215BD1DE103C600BBBDBF /* QuickSampleTests */,
			);
		};
/* End PBXProject section */

/* Begin PBXResourcesBuildPhase section */
		14C215A81DE103C600BBBDBF /* Resources */ = {
			isa = PBXResourcesBuildPhase;
			buildActionMask = 2147483647;
			files = (
				14C215B81DE103C600BBBDBF /* LaunchScreen.storyboard in Resources */,
				14C215B51DE103C600BBBDBF /* Assets.xcassets in Resources */,
				14C215B31DE103C600BBBDBF /* Main.storyboard in Resources */,
			);
			runOnlyForDeploymentPostprocessing = 0;
		};
		14C215BC1DE103C600BBBDBF /* Resources */ = {
			isa = PBXResourcesBuildPhase;
			buildActionMask = 2147483647;
			files = (
			);
			runOnlyForDeploymentPostprocessing = 0;
		};
/* End PBXResourcesBuildPhase section */

/* Begin PBXSourcesBuildPhase section */
		14C215A61DE103C600BBBDBF /* Sources */ = {
			isa = PBXSourcesBuildPhase;
			buildActionMask = 2147483647;
			files = (
				14C215B01DE103C600BBBDBF /* ViewController.swift in Sources */,
				14C215CE1DE103E400BBBDBF /* SampleEntity.swift in Sources */,
				14C215AE1DE103C600BBBDBF /* AppDelegate.swift in Sources */,
			);
			runOnlyForDeploymentPostprocessing = 0;
		};
		14C215BA1DE103C600BBBDBF /* Sources */ = {
			isa = PBXSourcesBuildPhase;
			buildActionMask = 2147483647;
			files = (
				14C215C31DE103C600BBBDBF /* QuickSampleTests.swift in Sources */,
			);
			runOnlyForDeploymentPostprocessing = 0;
		};
/* End PBXSourcesBuildPhase section */

/* Begin PBXTargetDependency section */
		14C215C01DE103C600BBBDBF /* PBXTargetDependency */ = {
			isa = PBXTargetDependency;
			target = 14C215A91DE103C600BBBDBF /* QuickSample */;
			targetProxy = 14C215BF1DE103C600BBBDBF /* PBXContainerItemProxy */;
		};
/* End PBXTargetDependency section */

/* Begin PBXVariantGroup section */
		14C215B11DE103C600BBBDBF /* Main.storyboard */ = {
			isa = PBXVariantGroup;
			children = (
				14C215B21DE103C600BBBDBF /* Base */,
			);
			name = Main.storyboard;
			sourceTree = "<group>";
		};
		14C215B61DE103C600BBBDBF /* LaunchScreen.storyboard */ = {
			isa = PBXVariantGroup;
			children = (
				14C215B71DE103C600BBBDBF /* Base */,
			);
			name = LaunchScreen.storyboard;
			sourceTree = "<group>";
		};
/* End PBXVariantGroup section */

/* Begin XCBuildConfiguration section */
		14C215C51DE103C600BBBDBF /* Debug */ = {
			isa = XCBuildConfiguration;
			buildSettings = {
				ALWAYS_SEARCH_USER_PATHS = NO;
				CLANG_ANALYZER_NONNULL = YES;
				CLANG_CXX_LANGUAGE_STANDARD = "gnu++0x";
				CLANG_CXX_LIBRARY = "libc++";
				CLANG_ENABLE_MODULES = YES;
				CLANG_ENABLE_OBJC_ARC = YES;
				CLANG_WARN_BOOL_CONVERSION = YES;
				CLANG_WARN_CONSTANT_CONVERSION = YES;
				CLANG_WARN_DIRECT_OBJC_ISA_USAGE = YES_ERROR;
				CLANG_WARN_DOCUMENTATION_COMMENTS = YES;
				CLANG_WARN_EMPTY_BODY = YES;
				CLANG_WARN_ENUM_CONVERSION = YES;
				CLANG_WARN_INFINITE_RECURSION = YES;
				CLANG_WARN_INT_CONVERSION = YES;
				CLANG_WARN_OBJC_ROOT_CLASS = YES_ERROR;
				CLANG_WARN_SUSPICIOUS_MOVES = YES;
				CLANG_WARN_UNREACHABLE_CODE = YES;
				CLANG_WARN__DUPLICATE_METHOD_MATCH = YES;
				"CODE_SIGN_IDENTITY[sdk=iphoneos*]" = "iPhone Developer";
				COPY_PHASE_STRIP = NO;
				DEBUG_INFORMATION_FORMAT = dwarf;
				ENABLE_STRICT_OBJC_MSGSEND = YES;
				ENABLE_TESTABILITY = YES;
				GCC_C_LANGUAGE_STANDARD = gnu99;
				GCC_DYNAMIC_NO_PIC = NO;
				GCC_NO_COMMON_BLOCKS = YES;
				GCC_OPTIMIZATION_LEVEL = 0;
				GCC_PREPROCESSOR_DEFINITIONS = (
					"DEBUG=1",
					"$(inherited)",
				);
				GCC_WARN_64_TO_32_BIT_CONVERSION = YES;
				GCC_WARN_ABOUT_RETURN_TYPE = YES_ERROR;
				GCC_WARN_UNDECLARED_SELECTOR = YES;
				GCC_WARN_UNINITIALIZED_AUTOS = YES_AGGRESSIVE;
				GCC_WARN_UNUSED_FUNCTION = YES;
				GCC_WARN_UNUSED_VARIABLE = YES;
				IPHONEOS_DEPLOYMENT_TARGET = 10.1;
				MTL_ENABLE_DEBUG_INFO = YES;
				ONLY_ACTIVE_ARCH = YES;
				SDKROOT = iphoneos;
				SWIFT_ACTIVE_COMPILATION_CONDITIONS = DEBUG;
				SWIFT_OPTIMIZATION_LEVEL = "-Onone";
			};
			name = Debug;
		};
		14C215C61DE103C600BBBDBF /* Release */ = {
			isa = XCBuildConfiguration;
			buildSettings = {
				ALWAYS_SEARCH_USER_PATHS = NO;
				CLANG_ANALYZER_NONNULL = YES;
				CLANG_CXX_LANGUAGE_STANDARD = "gnu++0x";
				CLANG_CXX_LIBRARY = "libc++";
				CLANG_ENABLE_MODULES = YES;
				CLANG_ENABLE_OBJC_ARC = YES;
				CLANG_WARN_BOOL_CONVERSION = YES;
				CLANG_WARN_CONSTANT_CONVERSION = YES;
				CLANG_WARN_DIRECT_OBJC_ISA_USAGE = YES_ERROR;
				CLANG_WARN_DOCUMENTATION_COMMENTS = YES;
				CLANG_WARN_EMPTY_BODY = YES;
				CLANG_WARN_ENUM_CONVERSION = YES;
				CLANG_WARN_INFINITE_RECURSION = YES;
				CLANG_WARN_INT_CONVERSION = YES;
				CLANG_WARN_OBJC_ROOT_CLASS = YES_ERROR;
				CLANG_WARN_SUSPICIOUS_MOVES = YES;
				CLANG_WARN_UNREACHABLE_CODE = YES;
				CLANG_WARN__DUPLICATE_METHOD_MATCH = YES;
				"CODE_SIGN_IDENTITY[sdk=iphoneos*]" = "iPhone Developer";
				COPY_PHASE_STRIP = NO;
				DEBUG_INFORMATION_FORMAT = "dwarf-with-dsym";
				ENABLE_NS_ASSERTIONS = NO;
				ENABLE_STRICT_OBJC_MSGSEND = YES;
				GCC_C_LANGUAGE_STANDARD = gnu99;
				GCC_NO_COMMON_BLOCKS = YES;
				GCC_WARN_64_TO_32_BIT_CONVERSION = YES;
				GCC_WARN_ABOUT_RETURN_TYPE = YES_ERROR;
				GCC_WARN_UNDECLARED_SELECTOR = YES;
				GCC_WARN_UNINITIALIZED_AUTOS = YES_AGGRESSIVE;
				GCC_WARN_UNUSED_FUNCTION = YES;
				GCC_WARN_UNUSED_VARIABLE = YES;
				IPHONEOS_DEPLOYMENT_TARGET = 10.1;
				MTL_ENABLE_DEBUG_INFO = NO;
				SDKROOT = iphoneos;
				SWIFT_OPTIMIZATION_LEVEL = "-Owholemodule";
				VALIDATE_PRODUCT = YES;
			};
			name = Release;
		};
		14C215C81DE103C600BBBDBF /* Debug */ = {
			isa = XCBuildConfiguration;
			buildSettings = {
				ASSETCATALOG_COMPILER_APPICON_NAME = AppIcon;
				DEVELOPMENT_TEAM = P69PQLD33H;
				INFOPLIST_FILE = QuickSample/Info.plist;
				LD_RUNPATH_SEARCH_PATHS = "$(inherited) @executable_path/Frameworks";
				PRODUCT_BUNDLE_IDENTIFIER = BlindSquirrel.QuickSample;
				PRODUCT_NAME = "$(TARGET_NAME)";
				SWIFT_VERSION = 3.0;
			};
			name = Debug;
		};
		14C215C91DE103C600BBBDBF /* Release */ = {
			isa = XCBuildConfiguration;
			buildSettings = {
				ASSETCATALOG_COMPILER_APPICON_NAME = AppIcon;
				DEVELOPMENT_TEAM = P69PQLD33H;
				INFOPLIST_FILE = QuickSample/Info.plist;
				LD_RUNPATH_SEARCH_PATHS = "$(inherited) @executable_path/Frameworks";
				PRODUCT_BUNDLE_IDENTIFIER = BlindSquirrel.QuickSample;
				PRODUCT_NAME = "$(TARGET_NAME)";
				SWIFT_VERSION = 3.0;
			};
			name = Release;
		};
		14C215CB1DE103C600BBBDBF /* Debug */ = {
			isa = XCBuildConfiguration;
			buildSettings = {
				ALWAYS_EMBED_SWIFT_STANDARD_LIBRARIES = YES;
				BUNDLE_LOADER = "$(TEST_HOST)";
				DEVELOPMENT_TEAM = P69PQLD33H;
				INFOPLIST_FILE = QuickSampleTests/Info.plist;
				LD_RUNPATH_SEARCH_PATHS = "$(inherited) @executable_path/Frameworks @loader_path/Frameworks";
				PRODUCT_BUNDLE_IDENTIFIER = BlindSquirrel.QuickSampleTests;
				PRODUCT_NAME = "$(TARGET_NAME)";
				SWIFT_VERSION = 3.0;
				TEST_HOST = "$(BUILT_PRODUCTS_DIR)/QuickSample.app/QuickSample";
			};
			name = Debug;
		};
		14C215CC1DE103C600BBBDBF /* Release */ = {
			isa = XCBuildConfiguration;
			buildSettings = {
				ALWAYS_EMBED_SWIFT_STANDARD_LIBRARIES = YES;
				BUNDLE_LOADER = "$(TEST_HOST)";
				DEVELOPMENT_TEAM = P69PQLD33H;
				INFOPLIST_FILE = QuickSampleTests/Info.plist;
				LD_RUNPATH_SEARCH_PATHS = "$(inherited) @executable_path/Frameworks @loader_path/Frameworks";
				PRODUCT_BUNDLE_IDENTIFIER = BlindSquirrel.QuickSampleTests;
				PRODUCT_NAME = "$(TARGET_NAME)";
				SWIFT_VERSION = 3.0;
				TEST_HOST = "$(BUILT_PRODUCTS_DIR)/QuickSample.app/QuickSample";
			};
			name = Release;
		};
/* End XCBuildConfiguration section */

/* Begin XCConfigurationList section */
		14C215A51DE103C600BBBDBF /* Build configuration list for PBXProject "QuickSample" */ = {
			isa = XCConfigurationList;
			buildConfigurations = (
				14C215C51DE103C600BBBDBF /* Debug */,
				14C215C61DE103C600BBBDBF /* Release */,
			);
			defaultConfigurationIsVisible = 0;
			defaultConfigurationName = Release;
		};
		14C215C71DE103C600BBBDBF /* Build configuration list for PBXNativeTarget "QuickSample" */ = {
			isa = XCConfigurationList;
			buildConfigurations = (
				14C215C81DE103C600BBBDBF /* Debug */,
				14C215C91DE103C600BBBDBF /* Release */,
			);
			defaultConfigurationIsVisible = 0;
		};
		14C215CA1DE103C600BBBDBF /* Build configuration list for PBXNativeTarget "QuickSampleTests" */ = {
			isa = XCConfigurationList;
			buildConfigurations = (
				14C215CB1DE103C600BBBDBF /* Debug */,
				14C215CC1DE103C600BBBDBF /* Release */,
			);
			defaultConfigurationIsVisible = 0;
		};
/* End XCConfigurationList section */
	};
	rootObject = 14C215A21DE103C600BBBDBF /* Project object */;
}
